<?xml version="1.0" encoding="utf-8"?>
<Project ToolsVersion="4.0" xmlns="http://schemas.microsoft.com/developer/msbuild/2003">
  <ItemGroup>
    <Filter Include="源文件">
      <UniqueIdentifier>{4FC737F1-C7A5-4376-A066-2A32D752A2FF}</UniqueIdentifier>
      <Extensions>cpp;c;cc;cxx;def;odl;idl;hpj;bat;asm;asmx</Extensions>
    </Filter>
    <Filter Include="头文件">
      <UniqueIdentifier>{93995380-89BD-4b04-88EB-625FBE52EBFB}</UniqueIdentifier>
      <Extensions>h;hh;hpp;hxx;hm;inl;inc;xsd</Extensions>
    </Filter>
    <Filter Include="资源文件">
      <UniqueIdentifier>{67DA6AB6-F800-4c08-8B7A-83BB121AAD01}</UniqueIdentifier>
      <Extensions>rc;ico;cur;bmp;dlg;rc2;rct;bin;rgs;gif;jpg;jpeg;jpe;resx;tiff;tif;png;wav;mfcribbon-ms</Extensions>
    </Filter>
  </ItemGroup>
  <ItemGroup>
    <ClCompile Include="main.cpp">
      <Filter>源文件</Filter>
    </ClCompile>
    <ClCompile Include="StarSurface.cpp">
      <Filter>源文件</Filter>
    </ClCompile>
    <ClCompile Include="StarRectangle.cpp">
      <Filter>源文件</Filter>
    </ClCompile>
    <ClCompile Include="StarRenderTarget.cpp">
      <Filter>源文件</Filter>
    </ClCompile>
    <ClCompile Include="StarRenderInfo.cpp">
      <Filter>源文件</Filter>
    </ClCompile>
    <ClCompile Include="StarDevice.cpp">
      <Filter>源文件</Filter>
    </ClCompile>
    <ClCompile Include="StarColor.cpp">
      <Filter>源文件</Filter>
    </ClCompile>
    <ClCompile Include="Star3D.cpp">
      <Filter>源文件</Filter>
    </ClCompile>
    <ClCompile Include="StarPresentTarget.cpp">
      <Filter>源文件</Filter>
    </ClCompile>
    <ClCompile Include="StarVector3.cpp">
      <Filter>源文件</Filter>
    </ClCompile>
    <ClCompile Include="StarMatrix44.cpp">
      <Filter>源文件</Filter>
    </ClCompile>
    <ClCompile Include="StarVector4.cpp">
      <Filter>源文件</Filter>
    </ClCompile>
  </ItemGroup>
  <ItemGroup>
    <ClInclude Include="StarRectangle.h">
      <Filter>头文件</Filter>
    </ClInclude>
    <ClInclude Include="StarSurface.h">
      <Filter>头文件</Filter>
    </ClInclude>
    <ClInclude Include="StarVector2.h">
      <Filter>头文件</Filter>
    </ClInclude>
    <ClInclude Include="StarBase.h">
      <Filter>头文件</Filter>
    </ClInclude>
    <ClInclude Include="StarDevice.h">
      <Filter>头文件</Filter>
    </ClInclude>
    <ClInclude Include="StarRenderTarget.h">
      <Filter>头文件</Filter>
    </ClInclude>
    <ClInclude Include="StarPrerequisites.h">
      <Filter>头文件</Filter>
    </ClInclude>
    <ClInclude Include="StarRenderInfo.h">
      <Filter>头文件</Filter>
    </ClInclude>
    <ClInclude Include="StarColor.h">
      <Filter>头文件</Filter>
    </ClInclude>
    <ClInclude Include="StarMath.h">
      <Filter>头文件</Filter>
    </ClInclude>
    <ClInclude Include="Star3D.h">
      <Filter>头文件</Filter>
    </ClInclude>
    <ClInclude Include="StarTypes.h">
      <Filter>头文件</Filter>
    </ClInclude>
    <ClInclude Include="StarPresentTarget.h">
      <Filter>头文件</Filter>
    </ClInclude>
    <ClInclude Include="StarVector3.h">
      <Filter>头文件</Filter>
    </ClInclude>
    <ClInclude Include="StarMatrix44.h">
      <Filter>头文件</Filter>
    </ClInclude>
    <ClInclude Include="StarVector4.h">
      <Filter>头文件</Filter>
    </ClInclude>
  </ItemGroup>
</Project>