<?xml version="1.0" encoding="utf-8"?>
<Project ToolsVersion="4.0" xmlns="http://schemas.microsoft.com/developer/msbuild/2003">
  <ItemGroup>
    <Filter Include="源文件">
      <UniqueIdentifier>{4FC737F1-C7A5-4376-A066-2A32D752A2FF}</UniqueIdentifier>
      <Extensions>cpp;c;cc;cxx;def;odl;idl;hpj;bat;asm;asmx</Extensions>
    </Filter>
    <Filter Include="头文件">
      <UniqueIdentifier>{93995380-89BD-4b04-88EB-625FBE52EBFB}</UniqueIdentifier>
      <Extensions>h;hh;hpp;hxx;hm;inl;inc;xsd</Extensions>
    </Filter>
    <Filter Include="资源文件">
      <UniqueIdentifier>{67DA6AB6-F800-4c08-8B7A-83BB121AAD01}</UniqueIdentifier>
      <Extensions>rc;ico;cur;bmp;dlg;rc2;rct;bin;rgs;gif;jpg;jpeg;jpe;resx;tiff;tif;png;wav;mfcribbon-ms</Extensions>
    </Filter>
  </ItemGroup>
  <ItemGroup>
    <ClCompile Include="src\main.cpp">
      <Filter>源文件</Filter>
    </ClCompile>
    <ClCompile Include="src\Star3D.cpp">
      <Filter>源文件</Filter>
    </ClCompile>
    <ClCompile Include="src\StarColor.cpp">
      <Filter>源文件</Filter>
    </ClCompile>
    <ClCompile Include="src\StarDevice.cpp">
      <Filter>源文件</Filter>
    </ClCompile>
    <ClCompile Include="src\StarMatrix44.cpp">
      <Filter>源文件</Filter>
    </ClCompile>
    <ClCompile Include="src\StarPresentTarget.cpp">
      <Filter>源文件</Filter>
    </ClCompile>
    <ClCompile Include="src\StarRectangle.cpp">
      <Filter>源文件</Filter>
    </ClCompile>
    <ClCompile Include="src\StarRenderInfo.cpp">
      <Filter>源文件</Filter>
    </ClCompile>
    <ClCompile Include="src\StarRenderTarget.cpp">
      <Filter>源文件</Filter>
    </ClCompile>
    <ClCompile Include="src\StarSurface.cpp">
      <Filter>源文件</Filter>
    </ClCompile>
    <ClCompile Include="src\StarVector3.cpp">
      <Filter>源文件</Filter>
    </ClCompile>
    <ClCompile Include="src\StarVector4.cpp">
      <Filter>源文件</Filter>
    </ClCompile>
    <ClCompile Include="src\StarTexture.cpp">
      <Filter>源文件</Filter>
    </ClCompile>
    <ClCompile Include="src\StarVector2.cpp">
      <Filter>源文件</Filter>
    </ClCompile>
  </ItemGroup>
  <ItemGroup>
    <ClInclude Include="include\Star3D.h">
      <Filter>头文件</Filter>
    </ClInclude>
    <ClInclude Include="include\StarBase.h">
      <Filter>头文件</Filter>
    </ClInclude>
    <ClInclude Include="include\StarColor.h">
      <Filter>头文件</Filter>
    </ClInclude>
    <ClInclude Include="include\StarDevice.h">
      <Filter>头文件</Filter>
    </ClInclude>
    <ClInclude Include="include\StarMath.h">
      <Filter>头文件</Filter>
    </ClInclude>
    <ClInclude Include="include\StarMatrix44.h">
      <Filter>头文件</Filter>
    </ClInclude>
    <ClInclude Include="include\StarPrerequisites.h">
      <Filter>头文件</Filter>
    </ClInclude>
    <ClInclude Include="include\StarPresentTarget.h">
      <Filter>头文件</Filter>
    </ClInclude>
    <ClInclude Include="include\StarRectangle.h">
      <Filter>头文件</Filter>
    </ClInclude>
    <ClInclude Include="include\StarRenderInfo.h">
      <Filter>头文件</Filter>
    </ClInclude>
    <ClInclude Include="include\StarRenderTarget.h">
      <Filter>头文件</Filter>
    </ClInclude>
    <ClInclude Include="include\StarSurface.h">
      <Filter>头文件</Filter>
    </ClInclude>
    <ClInclude Include="include\StarTypes.h">
      <Filter>头文件</Filter>
    </ClInclude>
    <ClInclude Include="include\StarVector2.h">
      <Filter>头文件</Filter>
    </ClInclude>
    <ClInclude Include="include\StarVector3.h">
      <Filter>头文件</Filter>
    </ClInclude>
    <ClInclude Include="include\StarVector4.h">
      <Filter>头文件</Filter>
    </ClInclude>
    <ClInclude Include="include\StarTexture.h">
      <Filter>头文件</Filter>
    </ClInclude>
  </ItemGroup>
</Project>